
Microsoft Visual Studio Solution File, Format Version 12.00
# Visual Studio Version 17
VisualStudioVersion = 17.0.31903.59
MinimumVisualStudioVersion = 10.0.40219.1
Project("{2150E333-8FDC-42A3-9474-1A3956D46DE8}") = "domain", "domain", "{62D79561-1F90-46D1-83EC-0207F35DAD21}"
EndProject
Project("{FAE04EC0-301F-11D3-BF4B-00C04F79EFBC}") = "Store", "domain\Store\Store.csproj", "{A664AA34-62C0-4E8F-B33F-5D04A4D789D0}"
EndProject
Global
	GlobalSection(SolutionConfigurationPlatforms) = preSolution
		Debug|Any CPU = Debug|Any CPU
		Release|Any CPU = Release|Any CPU
	EndGlobalSection
	GlobalSection(SolutionProperties) = preSolution
		HideSolutionNode = FALSE
	EndGlobalSection
	GlobalSection(ProjectConfigurationPlatforms) = postSolution
		{A664AA34-62C0-4E8F-B33F-5D04A4D789D0}.Debug|Any CPU.ActiveCfg = Debug|Any CPU
		{A664AA34-62C0-4E8F-B33F-5D04A4D789D0}.Debug|Any CPU.Build.0 = Debug|Any CPU
		{A664AA34-62C0-4E8F-B33F-5D04A4D789D0}.Release|Any CPU.ActiveCfg = Release|Any CPU
		{A664AA34-62C0-4E8F-B33F-5D04A4D789D0}.Release|Any CPU.Build.0 = Release|Any CPU
	EndGlobalSection
	GlobalSection(NestedProjects) = preSolution
		{A664AA34-62C0-4E8F-B33F-5D04A4D789D0} = {62D79561-1F90-46D1-83EC-0207F35DAD21}
	EndGlobalSection
EndGlobal
